
Microsoft Visual Studio Solution File, Format Version 12.00
# Visual Studio 15
Project("{FAE04EC0-301F-11D3-BF4B-00C04F79EFBC}") = "nesEmulatorCsharp", "nesEmulatorCsharp\nesEmulatorCsharp.csproj", "{9CCB7212-65F2-4C9A-9A3B-5246C3A39D8A}"
EndProject
Global
	GlobalSection(SolutionConfigurationPlatforms) = preSolution
		Debug|Any CPU = Debug|Any CPU
		Release|Any CPU = Release|Any CPU
	EndGlobalSection
	GlobalSection(ProjectConfigurationPlatforms) = postSolution
		{9CCB7212-65F2-4C9A-9A3B-5246C3A39D8A}.Debug|Any CPU.ActiveCfg = Debug|Any CPU
		{9CCB7212-65F2-4C9A-9A3B-5246C3A39D8A}.Debug|Any CPU.Build.0 = Debug|Any CPU
		{9CCB7212-65F2-4C9A-9A3B-5246C3A39D8A}.Release|Any CPU.ActiveCfg = Release|Any CPU
		{9CCB7212-65F2-4C9A-9A3B-5246C3A39D8A}.Release|Any CPU.Build.0 = Release|Any CPU
	EndGlobalSection
EndGlobal
